github.com/duramash/go-data-structures v0.1.2 h1:Hy5we2yA5RWu5rcIBD0Mv3ualKEPk/vNX+VUxkJAuYo=
github.com/duramash/go-data-structures v0.1.2/go.mod h1:ssfElcQtmFN1hvkvhxOxvobvj+Q18wMeFWYS7r0v2cM=
github.com/duramash/go-data-structures v1.1.3 h1:y4LyH7uCCS+YCzHQTPUfp6vGQwe9p3q/2wxhhuq0Cqs=
github.com/duramash/go-data-structures v1.1.3/go.mod h1:ssfElcQtmFN1hvkvhxOxvobvj+Q18wMeFWYS7r0v2cM=
